
Microsoft Visual Studio Solution File, Format Version 12.00
# Visual Studio Version 16
VisualStudioVersion = 16.0.29009.5
MinimumVisualStudioVersion = 10.0.40219.1
Project("{FAE04EC0-301F-11D3-BF4B-00C04F79EFBC}") = "WeatherApp.Android", "WeatherApp\WeatherApp.Android\WeatherApp.Android.csproj", "{547A1D6C-3B02-48FD-AE9F-2E95A62E7382}"
EndProject
Project("{FAE04EC0-301F-11D3-BF4B-00C04F79EFBC}") = "WeatherApp", "WeatherApp\WeatherApp\WeatherApp.csproj", "{830BF903-AEAE-4297-8651-8CABE7F0F206}"
EndProject
Global
	GlobalSection(SolutionConfigurationPlatforms) = preSolution
		Debug|Any CPU = Debug|Any CPU
		Release|Any CPU = Release|Any CPU
	EndGlobalSection
	GlobalSection(ProjectConfigurationPlatforms) = postSolution
		{547A1D6C-3B02-48FD-AE9F-2E95A62E7382}.Debug|Any CPU.ActiveCfg = Debug|Any CPU
		{547A1D6C-3B02-48FD-AE9F-2E95A62E7382}.Debug|Any CPU.Build.0 = Debug|Any CPU
		{547A1D6C-3B02-48FD-AE9F-2E95A62E7382}.Debug|Any CPU.Deploy.0 = Debug|Any CPU
		{547A1D6C-3B02-48FD-AE9F-2E95A62E7382}.Release|Any CPU.ActiveCfg = Release|Any CPU
		{547A1D6C-3B02-48FD-AE9F-2E95A62E7382}.Release|Any CPU.Build.0 = Release|Any CPU
		{547A1D6C-3B02-48FD-AE9F-2E95A62E7382}.Release|Any CPU.Deploy.0 = Release|Any CPU
		{830BF903-AEAE-4297-8651-8CABE7F0F206}.Debug|Any CPU.ActiveCfg = Debug|Any CPU
		{830BF903-AEAE-4297-8651-8CABE7F0F206}.Debug|Any CPU.Build.0 = Debug|Any CPU
		{830BF903-AEAE-4297-8651-8CABE7F0F206}.Debug|Any CPU.Deploy.0 = Debug|Any CPU
		{830BF903-AEAE-4297-8651-8CABE7F0F206}.Release|Any CPU.ActiveCfg = Release|Any CPU
		{830BF903-AEAE-4297-8651-8CABE7F0F206}.Release|Any CPU.Build.0 = Release|Any CPU
		{830BF903-AEAE-4297-8651-8CABE7F0F206}.Release|Any CPU.Deploy.0 = Release|Any CPU
	EndGlobalSection
	GlobalSection(SolutionProperties) = preSolution
		HideSolutionNode = FALSE
	EndGlobalSection
	GlobalSection(ExtensibilityGlobals) = postSolution
		SolutionGuid = {8814DC1B-87DC-4EA1-8BF5-4824947CF6D8}
	EndGlobalSection
EndGlobal
